{
  "name": "acr-agent-vscode",
  "version": "0.1.0",
  "lockfileVersion": 3,
  "requires": true,
  "packages": {
    "": {
      "name": "acr-agent-vscode",
      "version": "0.1.0",
      "dependencies": {
        "acr-agent-core": "file:../core"
      },
      "devDependencies": {
        "@types/vscode": "^1.85.0",
        "typescript": "^5.4.5"
      },
      "engines": {
        "vscode": "^1.85.0"
      }
    },
    "../core": {
      "name": "acr-agent-core",
      "version": "0.2.0",
      "bin": {
        "acr-agent": "dist/cli.js"
      }
    },
    "node_modules/@types/vscode": {
      "version": "1.106.1",
      "dev": true,
      "license": "MIT"
    },
    "node_modules/acr-agent-core": {
      "resolved": "../core",
      "link": true
    },
    "node_modules/typescript": {
      "version": "5.9.3",
      "dev": true,
      "license": "Apache-2.0",
      "bin": {
        "tsc": "bin/tsc",
        "tsserver": "bin/tsserver"
      },
      "engines": {
        "node": ">=14.17"
      }
    }
  }
}
